// !$*UTF8*$!
{
	archiveVersion = 1;
	classes = {
	};
	objectVersion = 50;
	objects = {

/* Begin PBXBuildFile section */
		FA8F66CE25A108B80012486C /* AppDelegate.swift in Sources */ = {isa = PBXBuildFile; fileRef = FA8F66CD25A108B80012486C /* AppDelegate.swift */; };
		FA8F66D225A108B80012486C /* ViewController.swift in Sources */ = {isa = PBXBuildFile; fileRef = FA8F66D125A108B80012486C /* ViewController.swift */; };
		FA8F66D725A108BC0012486C /* Assets.xcassets in Resources */ = {isa = PBXBuildFile; fileRef = FA8F66D625A108BC0012486C /* Assets.xcassets */; };
		FA8F66DA25A108BC0012486C /* LaunchScreen.storyboard in Resources */ = {isa = PBXBuildFile; fileRef = FA8F66D825A108BC0012486C /* LaunchScreen.storyboard */; };
		FA8F66F825A141A50012486C /* CollectionViewCell.swift in Sources */ = {isa = PBXBuildFile; fileRef = FA8F66F725A141A50012486C /* CollectionViewCell.swift */; };
		FA8F66FB25A1BA9D0012486C /* HeaderView.swift in Sources */ = {isa = PBXBuildFile; fileRef = FA8F66FA25A1BA9D0012486C /* HeaderView.swift */; };
		FA8F66FE25A1BCE30012486C /* close.png in Resources */ = {isa = PBXBuildFile; fileRef = FA8F66FD25A1BCE20012486C /* close.png */; };
		FA8F670125A1C3390012486C /* xl.png in Resources */ = {isa = PBXBuildFile; fileRef = FA8F670025A1C3390012486C /* xl.png */; };
		FA8F671525A1CAEE0012486C /* FooterView.swift in Sources */ = {isa = PBXBuildFile; fileRef = FA8F671425A1CAEE0012486C /* FooterView.swift */; };
		FA8F672525A1D15B0012486C /* NetworkService.swift in Sources */ = {isa = PBXBuildFile; fileRef = FA8F672425A1D15B0012486C /* NetworkService.swift */; };
		FA8F672825A1D1740012486C /* Model.swift in Sources */ = {isa = PBXBuildFile; fileRef = FA8F672725A1D1740012486C /* Model.swift */; };
		FA8F672B25A1D7CD0012486C /* checkmark.png in Resources */ = {isa = PBXBuildFile; fileRef = FA8F672A25A1D7CD0012486C /* checkmark.png */; };
		FA8F673525A1ECB10012486C /* ImageView.swift in Sources */ = {isa = PBXBuildFile; fileRef = FA8F673425A1ECB10012486C /* ImageView.swift */; };
		FA93C5FC25A203BA00605BAA /* UIViewControllerExtension.swift in Sources */ = {isa = PBXBuildFile; fileRef = FA93C5FB25A203BA00605BAA /* UIViewControllerExtension.swift */; };
/* End PBXBuildFile section */

/* Begin PBXFileReference section */
		FA8F66CA25A108B80012486C /* CollectionTestApp.app */ = {isa = PBXFileReference; explicitFileType = wrapper.application; includeInIndex = 0; path = CollectionTestApp.app; sourceTree = BUILT_PRODUCTS_DIR; };
		FA8F66CD25A108B80012486C /* AppDelegate.swift */ = {isa = PBXFileReference; lastKnownFileType = sourcecode.swift; path = AppDelegate.swift; sourceTree = "<group>"; };
		FA8F66D125A108B80012486C /* ViewController.swift */ = {isa = PBXFileReference; lastKnownFileType = sourcecode.swift; path = ViewController.swift; sourceTree = "<group>"; };
		FA8F66D625A108BC0012486C /* Assets.xcassets */ = {isa = PBXFileReference; lastKnownFileType = folder.assetcatalog; path = Assets.xcassets; sourceTree = "<group>"; };
		FA8F66D925A108BC0012486C /* Base */ = {isa = PBXFileReference; lastKnownFileType = file.storyboard; name = Base; path = Base.lproj/LaunchScreen.storyboard; sourceTree = "<group>"; };
		FA8F66DB25A108BC0012486C /* Info.plist */ = {isa = PBXFileReference; lastKnownFileType = text.plist.xml; path = Info.plist; sourceTree = "<group>"; };
		FA8F66F725A141A50012486C /* CollectionViewCell.swift */ = {isa = PBXFileReference; lastKnownFileType = sourcecode.swift; path = CollectionViewCell.swift; sourceTree = "<group>"; };
		FA8F66FA25A1BA9D0012486C /* HeaderView.swift */ = {isa = PBXFileReference; lastKnownFileType = sourcecode.swift; path = HeaderView.swift; sourceTree = "<group>"; };
		FA8F66FD25A1BCE20012486C /* close.png */ = {isa = PBXFileReference; lastKnownFileType = image.png; path = close.png; sourceTree = "<group>"; };
		FA8F670025A1C3390012486C /* xl.png */ = {isa = PBXFileReference; lastKnownFileType = image.png; path = xl.png; sourceTree = "<group>"; };
		FA8F671425A1CAEE0012486C /* FooterView.swift */ = {isa = PBXFileReference; lastKnownFileType = sourcecode.swift; path = FooterView.swift; sourceTree = "<group>"; };
		FA8F672425A1D15B0012486C /* NetworkService.swift */ = {isa = PBXFileReference; lastKnownFileType = sourcecode.swift; path = NetworkService.swift; sourceTree = "<group>"; };
		FA8F672725A1D1740012486C /* Model.swift */ = {isa = PBXFileReference; lastKnownFileType = sourcecode.swift; path = Model.swift; sourceTree = "<group>"; };
		FA8F672A25A1D7CD0012486C /* checkmark.png */ = {isa = PBXFileReference; lastKnownFileType = image.png; path = checkmark.png; sourceTree = "<group>"; };
		FA8F673425A1ECB10012486C /* ImageView.swift */ = {isa = PBXFileReference; lastKnownFileType = sourcecode.swift; path = ImageView.swift; sourceTree = "<group>"; };
		FA93C5FB25A203BA00605BAA /* UIViewControllerExtension.swift */ = {isa = PBXFileReference; lastKnownFileType = sourcecode.swift; path = UIViewControllerExtension.swift; sourceTree = "<group>"; };
/* End PBXFileReference section */

/* Begin PBXFrameworksBuildPhase section */
		FA8F66C725A108B80012486C /* Frameworks */ = {
			isa = PBXFrameworksBuildPhase;
			buildActionMask = 2147483647;
			files = (
			);
			runOnlyForDeploymentPostprocessing = 0;
		};
/* End PBXFrameworksBuildPhase section */

/* Begin PBXGroup section */
		FA8F66C125A108B80012486C = {
			isa = PBXGroup;
			children = (
				FA8F66CC25A108B80012486C /* CollectionTestApp */,
				FA93C60225A21DD900605BAA /* Network Service */,
				FA93C5FA25A203A600605BAA /* Extensions */,
				FA8F671925A1CE8B0012486C /* Supporting Files */,
				FA8F671825A1CE3F0012486C /* Images */,
				FA8F66CB25A108B80012486C /* Products */,
			);
			sourceTree = "<group>";
		};
		FA8F66CB25A108B80012486C /* Products */ = {
			isa = PBXGroup;
			children = (
				FA8F66CA25A108B80012486C /* CollectionTestApp.app */,
			);
			name = Products;
			sourceTree = "<group>";
		};
		FA8F66CC25A108B80012486C /* CollectionTestApp */ = {
			isa = PBXGroup;
			children = (
				FA93C60325A21DF400605BAA /* Model */,
				FA93C60425A21E0B00605BAA /* View */,
				FA8F671B25A1CEB40012486C /* Controller */,
			);
			path = CollectionTestApp;
			sourceTree = "<group>";
		};
		FA8F671825A1CE3F0012486C /* Images */ = {
			isa = PBXGroup;
			children = (
				FA8F672A25A1D7CD0012486C /* checkmark.png */,
				FA8F66FD25A1BCE20012486C /* close.png */,
				FA8F670025A1C3390012486C /* xl.png */,
				FA8F66D625A108BC0012486C /* Assets.xcassets */,
				FA8F66D825A108BC0012486C /* LaunchScreen.storyboard */,
			);
			path = Images;
			sourceTree = "<group>";
		};
		FA8F671925A1CE8B0012486C /* Supporting Files */ = {
			isa = PBXGroup;
			children = (
				FA8F66CD25A108B80012486C /* AppDelegate.swift */,
				FA8F66DB25A108BC0012486C /* Info.plist */,
			);
			path = "Supporting Files";
			sourceTree = "<group>";
		};
		FA8F671B25A1CEB40012486C /* Controller */ = {
			isa = PBXGroup;
			children = (
				FA8F66D125A108B80012486C /* ViewController.swift */,
			);
			path = Controller;
			sourceTree = "<group>";
		};
		FA8F671D25A1CECA0012486C /* Cell */ = {
			isa = PBXGroup;
			children = (
				FA8F66F725A141A50012486C /* CollectionViewCell.swift */,
			);
			path = Cell;
			sourceTree = "<group>";
		};
		FA93C5F825A1F88700605BAA /* Custom View */ = {
			isa = PBXGroup;
			children = (
				FA8F673425A1ECB10012486C /* ImageView.swift */,
			);
			path = "Custom View";
			sourceTree = "<group>";
		};
		FA93C5FA25A203A600605BAA /* Extensions */ = {
			isa = PBXGroup;
			children = (
				FA93C5FB25A203BA00605BAA /* UIViewControllerExtension.swift */,
			);
			path = Extensions;
			sourceTree = "<group>";
		};
		FA93C60225A21DD900605BAA /* Network Service */ = {
			isa = PBXGroup;
			children = (
				FA8F672425A1D15B0012486C /* NetworkService.swift */,
			);
			path = "Network Service";
			sourceTree = "<group>";
		};
		FA93C60325A21DF400605BAA /* Model */ = {
			isa = PBXGroup;
			children = (
				FA8F672725A1D1740012486C /* Model.swift */,
			);
			path = Model;
			sourceTree = "<group>";
		};
		FA93C60425A21E0B00605BAA /* View */ = {
			isa = PBXGroup;
			children = (
				FA8F671425A1CAEE0012486C /* FooterView.swift */,
				FA8F66FA25A1BA9D0012486C /* HeaderView.swift */,
				FA8F671D25A1CECA0012486C /* Cell */,
				FA93C5F825A1F88700605BAA /* Custom View */,
			);
			name = View;
			path = Model;
			sourceTree = "<group>";
		};
/* End PBXGroup section */

/* Begin PBXNativeTarget section */
		FA8F66C925A108B80012486C /* CollectionTestApp */ = {
			isa = PBXNativeTarget;
			buildConfigurationList = FA8F66DE25A108BC0012486C /* Build configuration list for PBXNativeTarget "CollectionTestApp" */;
			buildPhases = (
				FA8F66C625A108B80012486C /* Sources */,
				FA8F66C725A108B80012486C /* Frameworks */,
				FA8F66C825A108B80012486C /* Resources */,
			);
			buildRules = (
			);
			dependencies = (
			);
			name = CollectionTestApp;
			productName = AdApp;
			productReference = FA8F66CA25A108B80012486C /* CollectionTestApp.app */;
			productType = "com.apple.product-type.application";
		};
/* End PBXNativeTarget section */

/* Begin PBXProject section */
		FA8F66C225A108B80012486C /* Project object */ = {
			isa = PBXProject;
			attributes = {
				LastSwiftUpdateCheck = 1230;
				LastUpgradeCheck = 1230;
				TargetAttributes = {
					FA8F66C925A108B80012486C = {
						CreatedOnToolsVersion = 12.3;
					};
				};
			};
			buildConfigurationList = FA8F66C525A108B80012486C /* Build configuration list for PBXProject "CollectionTestApp" */;
			compatibilityVersion = "Xcode 9.3";
			developmentRegion = en;
			hasScannedForEncodings = 0;
			knownRegions = (
				en,
				Base,
			);
			mainGroup = FA8F66C125A108B80012486C;
			productRefGroup = FA8F66CB25A108B80012486C /* Products */;
			projectDirPath = "";
			projectRoot = "";
			targets = (
				FA8F66C925A108B80012486C /* CollectionTestApp */,
			);
		};
/* End PBXProject section */

/* Begin PBXResourcesBuildPhase section */
		FA8F66C825A108B80012486C /* Resources */ = {
			isa = PBXResourcesBuildPhase;
			buildActionMask = 2147483647;
			files = (
				FA8F66FE25A1BCE30012486C /* close.png in Resources */,
				FA8F672B25A1D7CD0012486C /* checkmark.png in Resources */,
				FA8F66DA25A108BC0012486C /* LaunchScreen.storyboard in Resources */,
				FA8F66D725A108BC0012486C /* Assets.xcassets in Resources */,
				FA8F670125A1C3390012486C /* xl.png in Resources */,
			);
			runOnlyForDeploymentPostprocessing = 0;
		};
/* End PBXResourcesBuildPhase section */

/* Begin PBXSourcesBuildPhase section */
		FA8F66C625A108B80012486C /* Sources */ = {
			isa = PBXSourcesBuildPhase;
			buildActionMask = 2147483647;
			files = (
				FA8F672825A1D1740012486C /* Model.swift in Sources */,
				FA8F66FB25A1BA9D0012486C /* HeaderView.swift in Sources */,
				FA93C5FC25A203BA00605BAA /* UIViewControllerExtension.swift in Sources */,
				FA8F66D225A108B80012486C /* ViewController.swift in Sources */,
				FA8F66CE25A108B80012486C /* AppDelegate.swift in Sources */,
				FA8F671525A1CAEE0012486C /* FooterView.swift in Sources */,
				FA8F672525A1D15B0012486C /* NetworkService.swift in Sources */,
				FA8F673525A1ECB10012486C /* ImageView.swift in Sources */,
				FA8F66F825A141A50012486C /* CollectionViewCell.swift in Sources */,
			);
			runOnlyForDeploymentPostprocessing = 0;
		};
/* End PBXSourcesBuildPhase section */

/* Begin PBXVariantGroup section */
		FA8F66D825A108BC0012486C /* LaunchScreen.storyboard */ = {
			isa = PBXVariantGroup;
			children = (
				FA8F66D925A108BC0012486C /* Base */,
			);
			name = LaunchScreen.storyboard;
			sourceTree = "<group>";
		};
/* End PBXVariantGroup section */

/* Begin XCBuildConfiguration section */
		FA8F66DC25A108BC0012486C /* Debug */ = {
			isa = XCBuildConfiguration;
			buildSettings = {
				ALWAYS_SEARCH_USER_PATHS = NO;
				CLANG_ANALYZER_NONNULL = YES;
				CLANG_ANALYZER_NUMBER_OBJECT_CONVERSION = YES_AGGRESSIVE;
				CLANG_CXX_LANGUAGE_STANDARD = "gnu++14";
				CLANG_CXX_LIBRARY = "libc++";
				CLANG_ENABLE_MODULES = YES;
				CLANG_ENABLE_OBJC_ARC = YES;
				CLANG_ENABLE_OBJC_WEAK = YES;
				CLANG_WARN_BLOCK_CAPTURE_AUTORELEASING = YES;
				CLANG_WARN_BOOL_CONVERSION = YES;
				CLANG_WARN_COMMA = YES;
				CLANG_WARN_CONSTANT_CONVERSION = YES;
				CLANG_WARN_DEPRECATED_OBJC_IMPLEMENTATIONS = YES;
				CLANG_WARN_DIRECT_OBJC_ISA_USAGE = YES_ERROR;
				CLANG_WARN_DOCUMENTATION_COMMENTS = YES;
				CLANG_WARN_EMPTY_BODY = YES;
				CLANG_WARN_ENUM_CONVERSION = YES;
				CLANG_WARN_INFINITE_RECURSION = YES;
				CLANG_WARN_INT_CONVERSION = YES;
				CLANG_WARN_NON_LITERAL_NULL_CONVERSION = YES;
				CLANG_WARN_OBJC_IMPLICIT_RETAIN_SELF = YES;
				CLANG_WARN_OBJC_LITERAL_CONVERSION = YES;
				CLANG_WARN_OBJC_ROOT_CLASS = YES_ERROR;
				CLANG_WARN_QUOTED_INCLUDE_IN_FRAMEWORK_HEADER = YES;
				CLANG_WARN_RANGE_LOOP_ANALYSIS = YES;
				CLANG_WARN_STRICT_PROTOTYPES = YES;
				CLANG_WARN_SUSPICIOUS_MOVE = YES;
				CLANG_WARN_UNGUARDED_AVAILABILITY = YES_AGGRESSIVE;
				CLANG_WARN_UNREACHABLE_CODE = YES;
				CLANG_WARN__DUPLICATE_METHOD_MATCH = YES;
				COPY_PHASE_STRIP = NO;
				DEBUG_INFORMATION_FORMAT = dwarf;
				ENABLE_STRICT_OBJC_MSGSEND = YES;
				ENABLE_TESTABILITY = YES;
				GCC_C_LANGUAGE_STANDARD = gnu11;
				GCC_DYNAMIC_NO_PIC = NO;
				GCC_NO_COMMON_BLOCKS = YES;
				GCC_OPTIMIZATION_LEVEL = 0;
				GCC_PREPROCESSOR_DEFINITIONS = (
					"DEBUG=1",
					"$(inherited)",
				);
				GCC_WARN_64_TO_32_BIT_CONVERSION = YES;
				GCC_WARN_ABOUT_RETURN_TYPE = YES_ERROR;
				GCC_WARN_UNDECLARED_SELECTOR = YES;
				GCC_WARN_UNINITIALIZED_AUTOS = YES_AGGRESSIVE;
				GCC_WARN_UNUSED_FUNCTION = YES;
				GCC_WARN_UNUSED_VARIABLE = YES;
				IPHONEOS_DEPLOYMENT_TARGET = 14.3;
				MTL_ENABLE_DEBUG_INFO = INCLUDE_SOURCE;
				MTL_FAST_MATH = YES;
				ONLY_ACTIVE_ARCH = YES;
				SDKROOT = iphoneos;
				SWIFT_ACTIVE_COMPILATION_CONDITIONS = DEBUG;
				SWIFT_OPTIMIZATION_LEVEL = "-Onone";
			};
			name = Debug;
		};
		FA8F66DD25A108BC0012486C /* Release */ = {
			isa = XCBuildConfiguration;
			buildSettings = {
				ALWAYS_SEARCH_USER_PATHS = NO;
				CLANG_ANALYZER_NONNULL = YES;
				CLANG_ANALYZER_NUMBER_OBJECT_CONVERSION = YES_AGGRESSIVE;
				CLANG_CXX_LANGUAGE_STANDARD = "gnu++14";
				CLANG_CXX_LIBRARY = "libc++";
				CLANG_ENABLE_MODULES = YES;
				CLANG_ENABLE_OBJC_ARC = YES;
				CLANG_ENABLE_OBJC_WEAK = YES;
				CLANG_WARN_BLOCK_CAPTURE_AUTORELEASING = YES;
				CLANG_WARN_BOOL_CONVERSION = YES;
				CLANG_WARN_COMMA = YES;
				CLANG_WARN_CONSTANT_CONVERSION = YES;
				CLANG_WARN_DEPRECATED_OBJC_IMPLEMENTATIONS = YES;
				CLANG_WARN_DIRECT_OBJC_ISA_USAGE = YES_ERROR;
				CLANG_WARN_DOCUMENTATION_COMMENTS = YES;
				CLANG_WARN_EMPTY_BODY = YES;
				CLANG_WARN_ENUM_CONVERSION = YES;
				CLANG_WARN_INFINITE_RECURSION = YES;
				CLANG_WARN_INT_CONVERSION = YES;
				CLANG_WARN_NON_LITERAL_NULL_CONVERSION = YES;
				CLANG_WARN_OBJC_IMPLICIT_RETAIN_SELF = YES;
				CLANG_WARN_OBJC_LITERAL_CONVERSION = YES;
				CLANG_WARN_OBJC_ROOT_CLASS = YES_ERROR;
				CLANG_WARN_QUOTED_INCLUDE_IN_FRAMEWORK_HEADER = YES;
				CLANG_WARN_RANGE_LOOP_ANALYSIS = YES;
				CLANG_WARN_STRICT_PROTOTYPES = YES;
				CLANG_WARN_SUSPICIOUS_MOVE = YES;
				CLANG_WARN_UNGUARDED_AVAILABILITY = YES_AGGRESSIVE;
				CLANG_WARN_UNREACHABLE_CODE = YES;
				CLANG_WARN__DUPLICATE_METHOD_MATCH = YES;
				COPY_PHASE_STRIP = NO;
				DEBUG_INFORMATION_FORMAT = "dwarf-with-dsym";
				ENABLE_NS_ASSERTIONS = NO;
				ENABLE_STRICT_OBJC_MSGSEND = YES;
				GCC_C_LANGUAGE_STANDARD = gnu11;
				GCC_NO_COMMON_BLOCKS = YES;
				GCC_WARN_64_TO_32_BIT_CONVERSION = YES;
				GCC_WARN_ABOUT_RETURN_TYPE = YES_ERROR;
				GCC_WARN_UNDECLARED_SELECTOR = YES;
				GCC_WARN_UNINITIALIZED_AUTOS = YES_AGGRESSIVE;
				GCC_WARN_UNUSED_FUNCTION = YES;
				GCC_WARN_UNUSED_VARIABLE = YES;
				IPHONEOS_DEPLOYMENT_TARGET = 14.3;
				MTL_ENABLE_DEBUG_INFO = NO;
				MTL_FAST_MATH = YES;
				SDKROOT = iphoneos;
				SWIFT_COMPILATION_MODE = wholemodule;
				SWIFT_OPTIMIZATION_LEVEL = "-O";
				VALIDATE_PRODUCT = YES;
			};
			name = Release;
		};
		FA8F66DF25A108BC0012486C /* Debug */ = {
			isa = XCBuildConfiguration;
			buildSettings = {
				ASSETCATALOG_COMPILER_APPICON_NAME = AppIcon;
				ASSETCATALOG_COMPILER_GLOBAL_ACCENT_COLOR_NAME = AccentColor;
				CODE_SIGN_STYLE = Automatic;
				DEVELOPMENT_TEAM = 2DCJXSY8PS;
				INFOPLIST_FILE = "$(SRCROOT)/Supporting Files/Info.plist";
				LD_RUNPATH_SEARCH_PATHS = (
					"$(inherited)",
					"@executable_path/Frameworks",
				);
				PRODUCT_BUNDLE_IDENTIFIER = com.CollectionTestApp;
				PRODUCT_NAME = "$(TARGET_NAME)";
				SWIFT_VERSION = 5.0;
				TARGETED_DEVICE_FAMILY = "1,2";
			};
			name = Debug;
		};
		FA8F66E025A108BC0012486C /* Release */ = {
			isa = XCBuildConfiguration;
			buildSettings = {
				ASSETCATALOG_COMPILER_APPICON_NAME = AppIcon;
				ASSETCATALOG_COMPILER_GLOBAL_ACCENT_COLOR_NAME = AccentColor;
				CODE_SIGN_STYLE = Automatic;
				DEVELOPMENT_TEAM = 2DCJXSY8PS;
				INFOPLIST_FILE = "$(SRCROOT)/Supporting Files/Info.plist";
				LD_RUNPATH_SEARCH_PATHS = (
					"$(inherited)",
					"@executable_path/Frameworks",
				);
				PRODUCT_BUNDLE_IDENTIFIER = com.CollectionTestApp;
				PRODUCT_NAME = "$(TARGET_NAME)";
				SWIFT_VERSION = 5.0;
				TARGETED_DEVICE_FAMILY = "1,2";
			};
			name = Release;
		};
/* End XCBuildConfiguration section */

/* Begin XCConfigurationList section */
		FA8F66C525A108B80012486C /* Build configuration list for PBXProject "CollectionTestApp" */ = {
			isa = XCConfigurationList;
			buildConfigurations = (
				FA8F66DC25A108BC0012486C /* Debug */,
				FA8F66DD25A108BC0012486C /* Release */,
			);
			defaultConfigurationIsVisible = 0;
			defaultConfigurationName = Release;
		};
		FA8F66DE25A108BC0012486C /* Build configuration list for PBXNativeTarget "CollectionTestApp" */ = {
			isa = XCConfigurationList;
			buildConfigurations = (
				FA8F66DF25A108BC0012486C /* Debug */,
				FA8F66E025A108BC0012486C /* Release */,
			);
			defaultConfigurationIsVisible = 0;
			defaultConfigurationName = Release;
		};
/* End XCConfigurationList section */
	};
	rootObject = FA8F66C225A108B80012486C /* Project object */;
}
